// !$*UTF8*$!
{
	archiveVersion = 1;
	classes = {
	};
	objectVersion = 46;
	objects = {

/* Begin PBXBuildFile section */
		F5406D5B1AC6231E008569F9 /* AppDelegate.swift in Sources */ = {isa = PBXBuildFile; fileRef = F5406D5A1AC6231E008569F9 /* AppDelegate.swift */; };
		F5406D5D1AC6231E008569F9 /* RecordSoundsViewController.swift in Sources */ = {isa = PBXBuildFile; fileRef = F5406D5C1AC6231E008569F9 /* RecordSoundsViewController.swift */; };
		F5406D601AC6231E008569F9 /* Main.storyboard in Resources */ = {isa = PBXBuildFile; fileRef = F5406D5E1AC6231E008569F9 /* Main.storyboard */; };
		F5406D621AC6231E008569F9 /* Images.xcassets in Resources */ = {isa = PBXBuildFile; fileRef = F5406D611AC6231E008569F9 /* Images.xcassets */; };
		F5406D651AC6231E008569F9 /* LaunchScreen.xib in Resources */ = {isa = PBXBuildFile; fileRef = F5406D631AC6231E008569F9 /* LaunchScreen.xib */; };
		F5406D711AC6231F008569F9 /* PitchShifterTests.swift in Sources */ = {isa = PBXBuildFile; fileRef = F5406D701AC6231F008569F9 /* PitchShifterTests.swift */; };
		F577822C1AC65A3F00206F24 /* RecordedAudio.swift in Sources */ = {isa = PBXBuildFile; fileRef = F577822B1AC65A3F00206F24 /* RecordedAudio.swift */; };
		F5DE86DC1AC630AC0093F47D /* PlaySoundsViewController.swift in Sources */ = {isa = PBXBuildFile; fileRef = F5DE86DB1AC630AC0093F47D /* PlaySoundsViewController.swift */; };
/* End PBXBuildFile section */

/* Begin PBXContainerItemProxy section */
		F5406D6B1AC6231F008569F9 /* PBXContainerItemProxy */ = {
			isa = PBXContainerItemProxy;
			containerPortal = F5406D4D1AC6231E008569F9 /* Project object */;
			proxyType = 1;
			remoteGlobalIDString = F5406D541AC6231E008569F9;
			remoteInfo = PitchShifter;
		};
/* End PBXContainerItemProxy section */

/* Begin PBXFileReference section */
		F5406D551AC6231E008569F9 /* PitchShifter.app */ = {isa = PBXFileReference; explicitFileType = wrapper.application; includeInIndex = 0; path = PitchShifter.app; sourceTree = BUILT_PRODUCTS_DIR; };
		F5406D591AC6231E008569F9 /* Info.plist */ = {isa = PBXFileReference; lastKnownFileType = text.plist.xml; path = Info.plist; sourceTree = "<group>"; };
		F5406D5A1AC6231E008569F9 /* AppDelegate.swift */ = {isa = PBXFileReference; lastKnownFileType = sourcecode.swift; path = AppDelegate.swift; sourceTree = "<group>"; };
		F5406D5C1AC6231E008569F9 /* RecordSoundsViewController.swift */ = {isa = PBXFileReference; lastKnownFileType = sourcecode.swift; path = RecordSoundsViewController.swift; sourceTree = "<group>"; };
		F5406D5F1AC6231E008569F9 /* Base */ = {isa = PBXFileReference; lastKnownFileType = file.storyboard; name = Base; path = Base.lproj/Main.storyboard; sourceTree = "<group>"; };
		F5406D611AC6231E008569F9 /* Images.xcassets */ = {isa = PBXFileReference; lastKnownFileType = folder.assetcatalog; path = Images.xcassets; sourceTree = "<group>"; };
		F5406D641AC6231E008569F9 /* Base */ = {isa = PBXFileReference; lastKnownFileType = file.xib; name = Base; path = Base.lproj/LaunchScreen.xib; sourceTree = "<group>"; };
		F5406D6A1AC6231F008569F9 /* PitchShifterTests.xctest */ = {isa = PBXFileReference; explicitFileType = wrapper.cfbundle; includeInIndex = 0; path = PitchShifterTests.xctest; sourceTree = BUILT_PRODUCTS_DIR; };
		F5406D6F1AC6231F008569F9 /* Info.plist */ = {isa = PBXFileReference; lastKnownFileType = text.plist.xml; path = Info.plist; sourceTree = "<group>"; };
		F5406D701AC6231F008569F9 /* PitchShifterTests.swift */ = {isa = PBXFileReference; lastKnownFileType = sourcecode.swift; path = PitchShifterTests.swift; sourceTree = "<group>"; };
		F577822B1AC65A3F00206F24 /* RecordedAudio.swift */ = {isa = PBXFileReference; fileEncoding = 4; lastKnownFileType = sourcecode.swift; path = RecordedAudio.swift; sourceTree = "<group>"; };
		F5DE86DB1AC630AC0093F47D /* PlaySoundsViewController.swift */ = {isa = PBXFileReference; fileEncoding = 4; lastKnownFileType = sourcecode.swift; path = PlaySoundsViewController.swift; sourceTree = "<group>"; };
/* End PBXFileReference section */

/* Begin PBXFrameworksBuildPhase section */
		F5406D521AC6231E008569F9 /* Frameworks */ = {
			isa = PBXFrameworksBuildPhase;
			buildActionMask = 2147483647;
			files = (
			);
			runOnlyForDeploymentPostprocessing = 0;
		};
		F5406D671AC6231F008569F9 /* Frameworks */ = {
			isa = PBXFrameworksBuildPhase;
			buildActionMask = 2147483647;
			files = (
			);
			runOnlyForDeploymentPostprocessing = 0;
		};
/* End PBXFrameworksBuildPhase section */

/* Begin PBXGroup section */
		F5406D4C1AC6231E008569F9 = {
			isa = PBXGroup;
			children = (
				F5406D571AC6231E008569F9 /* PitchShifter */,
				F5406D6D1AC6231F008569F9 /* PitchShifterTests */,
				F5406D561AC6231E008569F9 /* Products */,
			);
			sourceTree = "<group>";
		};
		F5406D561AC6231E008569F9 /* Products */ = {
			isa = PBXGroup;
			children = (
				F5406D551AC6231E008569F9 /* PitchShifter.app */,
				F5406D6A1AC6231F008569F9 /* PitchShifterTests.xctest */,
			);
			name = Products;
			sourceTree = "<group>";
		};
		F5406D571AC6231E008569F9 /* PitchShifter */ = {
			isa = PBXGroup;
			children = (
				F5406D5A1AC6231E008569F9 /* AppDelegate.swift */,
				F5406D5C1AC6231E008569F9 /* RecordSoundsViewController.swift */,
				F5406D5E1AC6231E008569F9 /* Main.storyboard */,
				F577822B1AC65A3F00206F24 /* RecordedAudio.swift */,
				F5DE86DB1AC630AC0093F47D /* PlaySoundsViewController.swift */,
				F5406D611AC6231E008569F9 /* Images.xcassets */,
				F5406D631AC6231E008569F9 /* LaunchScreen.xib */,
				F5406D581AC6231E008569F9 /* Supporting Files */,
			);
			path = PitchShifter;
			sourceTree = "<group>";
		};
		F5406D581AC6231E008569F9 /* Supporting Files */ = {
			isa = PBXGroup;
			children = (
				F5406D591AC6231E008569F9 /* Info.plist */,
			);
			name = "Supporting Files";
			sourceTree = "<group>";
		};
		F5406D6D1AC6231F008569F9 /* PitchShifterTests */ = {
			isa = PBXGroup;
			children = (
				F5406D701AC6231F008569F9 /* PitchShifterTests.swift */,
				F5406D6E1AC6231F008569F9 /* Supporting Files */,
			);
			path = PitchShifterTests;
			sourceTree = "<group>";
		};
		F5406D6E1AC6231F008569F9 /* Supporting Files */ = {
			isa = PBXGroup;
			children = (
				F5406D6F1AC6231F008569F9 /* Info.plist */,
			);
			name = "Supporting Files";
			sourceTree = "<group>";
		};
/* End PBXGroup section */

/* Begin PBXNativeTarget section */
		F5406D541AC6231E008569F9 /* PitchShifter */ = {
			isa = PBXNativeTarget;
			buildConfigurationList = F5406D741AC6231F008569F9 /* Build configuration list for PBXNativeTarget "PitchShifter" */;
			buildPhases = (
				F5406D511AC6231E008569F9 /* Sources */,
				F5406D521AC6231E008569F9 /* Frameworks */,
				F5406D531AC6231E008569F9 /* Resources */,
			);
			buildRules = (
			);
			dependencies = (
			);
			name = PitchShifter;
			productName = PitchShifter;
			productReference = F5406D551AC6231E008569F9 /* PitchShifter.app */;
			productType = "com.apple.product-type.application";
		};
		F5406D691AC6231F008569F9 /* PitchShifterTests */ = {
			isa = PBXNativeTarget;
			buildConfigurationList = F5406D771AC6231F008569F9 /* Build configuration list for PBXNativeTarget "PitchShifterTests" */;
			buildPhases = (
				F5406D661AC6231F008569F9 /* Sources */,
				F5406D671AC6231F008569F9 /* Frameworks */,
				F5406D681AC6231F008569F9 /* Resources */,
			);
			buildRules = (
			);
			dependencies = (
				F5406D6C1AC6231F008569F9 /* PBXTargetDependency */,
			);
			name = PitchShifterTests;
			productName = PitchShifterTests;
			productReference = F5406D6A1AC6231F008569F9 /* PitchShifterTests.xctest */;
			productType = "com.apple.product-type.bundle.unit-test";
		};
/* End PBXNativeTarget section */

/* Begin PBXProject section */
		F5406D4D1AC6231E008569F9 /* Project object */ = {
			isa = PBXProject;
			attributes = {
				LastUpgradeCheck = 0620;
				ORGANIZATIONNAME = iOSDevelop.in;
				TargetAttributes = {
					F5406D541AC6231E008569F9 = {
						CreatedOnToolsVersion = 6.2;
					};
					F5406D691AC6231F008569F9 = {
						CreatedOnToolsVersion = 6.2;
						TestTargetID = F5406D541AC6231E008569F9;
					};
				};
			};
			buildConfigurationList = F5406D501AC6231E008569F9 /* Build configuration list for PBXProject "PitchShifter" */;
			compatibilityVersion = "Xcode 3.2";
			developmentRegion = English;
			hasScannedForEncodings = 0;
			knownRegions = (
				en,
				Base,
			);
			mainGroup = F5406D4C1AC6231E008569F9;
			productRefGroup = F5406D561AC6231E008569F9 /* Products */;
			projectDirPath = "";
			projectRoot = "";
			targets = (
				F5406D541AC6231E008569F9 /* PitchShifter */,
				F5406D691AC6231F008569F9 /* PitchShifterTests */,
			);
		};
/* End PBXProject section */

/* Begin PBXResourcesBuildPhase section */
		F5406D531AC6231E008569F9 /* Resources */ = {
			isa = PBXResourcesBuildPhase;
			buildActionMask = 2147483647;
			files = (
				F5406D601AC6231E008569F9 /* Main.storyboard in Resources */,
				F5406D651AC6231E008569F9 /* LaunchScreen.xib in Resources */,
				F5406D621AC6231E008569F9 /* Images.xcassets in Resources */,
			);
			runOnlyForDeploymentPostprocessing = 0;
		};
		F5406D681AC6231F008569F9 /* Resources */ = {
			isa = PBXResourcesBuildPhase;
			buildActionMask = 2147483647;
			files = (
			);
			runOnlyForDeploymentPostprocessing = 0;
		};
/* End PBXResourcesBuildPhase section */

/* Begin PBXSourcesBuildPhase section */
		F5406D511AC6231E008569F9 /* Sources */ = {
			isa = PBXSourcesBuildPhase;
			buildActionMask = 2147483647;
			files = (
				F577822C1AC65A3F00206F24 /* RecordedAudio.swift in Sources */,
				F5406D5D1AC6231E008569F9 /* RecordSoundsViewController.swift in Sources */,
				F5DE86DC1AC630AC0093F47D /* PlaySoundsViewController.swift in Sources */,
				F5406D5B1AC6231E008569F9 /* AppDelegate.swift in Sources */,
			);
			runOnlyForDeploymentPostprocessing = 0;
		};
		F5406D661AC6231F008569F9 /* Sources */ = {
			isa = PBXSourcesBuildPhase;
			buildActionMask = 2147483647;
			files = (
				F5406D711AC6231F008569F9 /* PitchShifterTests.swift in Sources */,
			);
			runOnlyForDeploymentPostprocessing = 0;
		};
/* End PBXSourcesBuildPhase section */

/* Begin PBXTargetDependency section */
		F5406D6C1AC6231F008569F9 /* PBXTargetDependency */ = {
			isa = PBXTargetDependency;
			target = F5406D541AC6231E008569F9 /* PitchShifter */;
			targetProxy = F5406D6B1AC6231F008569F9 /* PBXContainerItemProxy */;
		};
/* End PBXTargetDependency section */

/* Begin PBXVariantGroup section */
		F5406D5E1AC6231E008569F9 /* Main.storyboard */ = {
			isa = PBXVariantGroup;
			children = (
				F5406D5F1AC6231E008569F9 /* Base */,
			);
			name = Main.storyboard;
			sourceTree = "<group>";
		};
		F5406D631AC6231E008569F9 /* LaunchScreen.xib */ = {
			isa = PBXVariantGroup;
			children = (
				F5406D641AC6231E008569F9 /* Base */,
			);
			name = LaunchScreen.xib;
			sourceTree = "<group>";
		};
/* End PBXVariantGroup section */

/* Begin XCBuildConfiguration section */
		F5406D721AC6231F008569F9 /* Debug */ = {
			isa = XCBuildConfiguration;
			buildSettings = {
				ALWAYS_SEARCH_USER_PATHS = NO;
				CLANG_CXX_LANGUAGE_STANDARD = "gnu++0x";
				CLANG_CXX_LIBRARY = "libc++";
				CLANG_ENABLE_MODULES = YES;
				CLANG_ENABLE_OBJC_ARC = YES;
				CLANG_WARN_BOOL_CONVERSION = YES;
				CLANG_WARN_CONSTANT_CONVERSION = YES;
				CLANG_WARN_DIRECT_OBJC_ISA_USAGE = YES_ERROR;
				CLANG_WARN_EMPTY_BODY = YES;
				CLANG_WARN_ENUM_CONVERSION = YES;
				CLANG_WARN_INT_CONVERSION = YES;
				CLANG_WARN_OBJC_ROOT_CLASS = YES_ERROR;
				CLANG_WARN_UNREACHABLE_CODE = YES;
				CLANG_WARN__DUPLICATE_METHOD_MATCH = YES;
				"CODE_SIGN_IDENTITY[sdk=iphoneos*]" = "iPhone Developer";
				COPY_PHASE_STRIP = NO;
				ENABLE_STRICT_OBJC_MSGSEND = YES;
				GCC_C_LANGUAGE_STANDARD = gnu99;
				GCC_DYNAMIC_NO_PIC = NO;
				GCC_OPTIMIZATION_LEVEL = 0;
				GCC_PREPROCESSOR_DEFINITIONS = (
					"DEBUG=1",
					"$(inherited)",
				);
				GCC_SYMBOLS_PRIVATE_EXTERN = NO;
				GCC_WARN_64_TO_32_BIT_CONVERSION = YES;
				GCC_WARN_ABOUT_RETURN_TYPE = YES_ERROR;
				GCC_WARN_UNDECLARED_SELECTOR = YES;
				GCC_WARN_UNINITIALIZED_AUTOS = YES_AGGRESSIVE;
				GCC_WARN_UNUSED_FUNCTION = YES;
				GCC_WARN_UNUSED_VARIABLE = YES;
				IPHONEOS_DEPLOYMENT_TARGET = 8.2;
				MTL_ENABLE_DEBUG_INFO = YES;
				ONLY_ACTIVE_ARCH = YES;
				SDKROOT = iphoneos;
				SWIFT_OPTIMIZATION_LEVEL = "-Onone";
			};
			name = Debug;
		};
		F5406D731AC6231F008569F9 /* Release */ = {
			isa = XCBuildConfiguration;
			buildSettings = {
				ALWAYS_SEARCH_USER_PATHS = NO;
				CLANG_CXX_LANGUAGE_STANDARD = "gnu++0x";
				CLANG_CXX_LIBRARY = "libc++";
				CLANG_ENABLE_MODULES = YES;
				CLANG_ENABLE_OBJC_ARC = YES;
				CLANG_WARN_BOOL_CONVERSION = YES;
				CLANG_WARN_CONSTANT_CONVERSION = YES;
				CLANG_WARN_DIRECT_OBJC_ISA_USAGE = YES_ERROR;
				CLANG_WARN_EMPTY_BODY = YES;
				CLANG_WARN_ENUM_CONVERSION = YES;
				CLANG_WARN_INT_CONVERSION = YES;
				CLANG_WARN_OBJC_ROOT_CLASS = YES_ERROR;
				CLANG_WARN_UNREACHABLE_CODE = YES;
				CLANG_WARN__DUPLICATE_METHOD_MATCH = YES;
				"CODE_SIGN_IDENTITY[sdk=iphoneos*]" = "iPhone Developer";
				COPY_PHASE_STRIP = NO;
				ENABLE_NS_ASSERTIONS = NO;
				ENABLE_STRICT_OBJC_MSGSEND = YES;
				GCC_C_LANGUAGE_STANDARD = gnu99;
				GCC_WARN_64_TO_32_BIT_CONVERSION = YES;
				GCC_WARN_ABOUT_RETURN_TYPE = YES_ERROR;
				GCC_WARN_UNDECLARED_SELECTOR = YES;
				GCC_WARN_UNINITIALIZED_AUTOS = YES_AGGRESSIVE;
				GCC_WARN_UNUSED_FUNCTION = YES;
				GCC_WARN_UNUSED_VARIABLE = YES;
				IPHONEOS_DEPLOYMENT_TARGET = 8.2;
				MTL_ENABLE_DEBUG_INFO = NO;
				SDKROOT = iphoneos;
				VALIDATE_PRODUCT = YES;
			};
			name = Release;
		};
		F5406D751AC6231F008569F9 /* Debug */ = {
			isa = XCBuildConfiguration;
			buildSettings = {
				ASSETCATALOG_COMPILER_APPICON_NAME = AppIcon;
				INFOPLIST_FILE = PitchShifter/Info.plist;
				LD_RUNPATH_SEARCH_PATHS = "$(inherited) @executable_path/Frameworks";
				PRODUCT_NAME = "$(TARGET_NAME)";
			};
			name = Debug;
		};
		F5406D761AC6231F008569F9 /* Release */ = {
			isa = XCBuildConfiguration;
			buildSettings = {
				ASSETCATALOG_COMPILER_APPICON_NAME = AppIcon;
				INFOPLIST_FILE = PitchShifter/Info.plist;
				LD_RUNPATH_SEARCH_PATHS = "$(inherited) @executable_path/Frameworks";
				PRODUCT_NAME = "$(TARGET_NAME)";
			};
			name = Release;
		};
		F5406D781AC6231F008569F9 /* Debug */ = {
			isa = XCBuildConfiguration;
			buildSettings = {
				BUNDLE_LOADER = "$(TEST_HOST)";
				FRAMEWORK_SEARCH_PATHS = (
					"$(SDKROOT)/Developer/Library/Frameworks",
					"$(inherited)",
				);
				GCC_PREPROCESSOR_DEFINITIONS = (
					"DEBUG=1",
					"$(inherited)",
				);
				INFOPLIST_FILE = PitchShifterTests/Info.plist;
				LD_RUNPATH_SEARCH_PATHS = "$(inherited) @executable_path/Frameworks @loader_path/Frameworks";
				PRODUCT_NAME = "$(TARGET_NAME)";
				TEST_HOST = "$(BUILT_PRODUCTS_DIR)/PitchShifter.app/PitchShifter";
			};
			name = Debug;
		};
		F5406D791AC6231F008569F9 /* Release */ = {
			isa = XCBuildConfiguration;
			buildSettings = {
				BUNDLE_LOADER = "$(TEST_HOST)";
				FRAMEWORK_SEARCH_PATHS = (
					"$(SDKROOT)/Developer/Library/Frameworks",
					"$(inherited)",
				);
				INFOPLIST_FILE = PitchShifterTests/Info.plist;
				LD_RUNPATH_SEARCH_PATHS = "$(inherited) @executable_path/Frameworks @loader_path/Frameworks";
				PRODUCT_NAME = "$(TARGET_NAME)";
				TEST_HOST = "$(BUILT_PRODUCTS_DIR)/PitchShifter.app/PitchShifter";
			};
			name = Release;
		};
/* End XCBuildConfiguration section */

/* Begin XCConfigurationList section */
		F5406D501AC6231E008569F9 /* Build configuration list for PBXProject "PitchShifter" */ = {
			isa = XCConfigurationList;
			buildConfigurations = (
				F5406D721AC6231F008569F9 /* Debug */,
				F5406D731AC6231F008569F9 /* Release */,
			);
			defaultConfigurationIsVisible = 0;
			defaultConfigurationName = Release;
		};
		F5406D741AC6231F008569F9 /* Build configuration list for PBXNativeTarget "PitchShifter" */ = {
			isa = XCConfigurationList;
			buildConfigurations = (
				F5406D751AC6231F008569F9 /* Debug */,
				F5406D761AC6231F008569F9 /* Release */,
			);
			defaultConfigurationIsVisible = 0;
			defaultConfigurationName = Release;
		};
		F5406D771AC6231F008569F9 /* Build configuration list for PBXNativeTarget "PitchShifterTests" */ = {
			isa = XCConfigurationList;
			buildConfigurations = (
				F5406D781AC6231F008569F9 /* Debug */,
				F5406D791AC6231F008569F9 /* Release */,
			);
			defaultConfigurationIsVisible = 0;
			defaultConfigurationName = Release;
		};
/* End XCConfigurationList section */
	};
	rootObject = F5406D4D1AC6231E008569F9 /* Project object */;
}
